
Microsoft Visual Studio Solution File, Format Version 12.00
# Visual Studio Version 16
VisualStudioVersion = 16.0.29519.87
MinimumVisualStudioVersion = 10.0.40219.1
Project("{FAE04EC0-301F-11D3-BF4B-00C04F79EFBC}") = "FilimoGrabber", "Metro\FilimoGrabber.csproj", "{80F4F674-FA2F-4B20-8E33-F997E333D096}"
EndProject
Global
	GlobalSection(SolutionConfigurationPlatforms) = preSolution
		Debug|Any CPU = Debug|Any CPU
		Release|Any CPU = Release|Any CPU
	EndGlobalSection
	GlobalSection(ProjectConfigurationPlatforms) = postSolution
		{80F4F674-FA2F-4B20-8E33-F997E333D096}.Debug|Any CPU.ActiveCfg = Debug|Any CPU
		{80F4F674-FA2F-4B20-8E33-F997E333D096}.Debug|Any CPU.Build.0 = Debug|Any CPU
		{80F4F674-FA2F-4B20-8E33-F997E333D096}.Release|Any CPU.ActiveCfg = Release|Any CPU
		{80F4F674-FA2F-4B20-8E33-F997E333D096}.Release|Any CPU.Build.0 = Release|Any CPU
	EndGlobalSection
	GlobalSection(SolutionProperties) = preSolution
		HideSolutionNode = FALSE
	EndGlobalSection
	GlobalSection(ExtensibilityGlobals) = postSolution
		SolutionGuid = {796E1954-D80C-41E1-A084-2888C1B6AD40}
	EndGlobalSection
EndGlobal
